
Microsoft Visual Studio Solution File, Format Version 12.00
# Visual Studio Version 17
VisualStudioVersion = 17.2.32616.157
MinimumVisualStudioVersion = 10.0.40219.1
Project("{FAE04EC0-301F-11D3-BF4B-00C04F79EFBC}") = "App", "App\App.csproj", "{52E8E662-098E-4905-AF67-67B365070F23}"
EndProject
Global
	GlobalSection(SolutionConfigurationPlatforms) = preSolution
		Debug|Any CPU = Debug|Any CPU
		Release|Any CPU = Release|Any CPU
	EndGlobalSection
	GlobalSection(ProjectConfigurationPlatforms) = postSolution
		{52E8E662-098E-4905-AF67-67B365070F23}.Debug|Any CPU.ActiveCfg = Debug|Any CPU
		{52E8E662-098E-4905-AF67-67B365070F23}.Debug|Any CPU.Build.0 = Debug|Any CPU
		{52E8E662-098E-4905-AF67-67B365070F23}.Release|Any CPU.ActiveCfg = Release|Any CPU
		{52E8E662-098E-4905-AF67-67B365070F23}.Release|Any CPU.Build.0 = Release|Any CPU
	EndGlobalSection
	GlobalSection(SolutionProperties) = preSolution
		HideSolutionNode = FALSE
	EndGlobalSection
	GlobalSection(ExtensibilityGlobals) = postSolution
		SolutionGuid = {869F6515-D8AF-4F3F-8049-D6533ED5D1D4}
	EndGlobalSection
EndGlobal
